%{
  "gen_rpc": {:hex, :gen_rpc, "2.1.0", "c7f5bb64f105aacbff9d865928b28f7f602bbad9a414fbc36b4e3b6c6d42bd3a", [:rebar3], [{:hut, "~> 1.2", [hex: :hut, repo: "hexpm", optional: false]}, {:ssl_verify_fun, "~> 1.1", [hex: :ssl_verify_fun, repo: "hexpm", optional: false]}], "hexpm"},
  "hut": {:hex, :hut, "1.2.1", "08d46679523043424870723923971889e8a34d63b2f946a35b46cf921d1236e7", [:"erlang.mk", :rebar, :rebar3], [], "hexpm"},
  "ssl_verify_fun": {:hex, :ssl_verify_fun, "1.1.4", "f0eafff810d2041e93f915ef59899c923f4568f4585904d010387ed74988e77b", [:make, :mix, :rebar3], [], "hexpm"},
}
